// !$*UTF8*$!
{
	archiveVersion = 1;
	classes = {
	};
	objectVersion = 56;
	objects = {

/* Begin PBXBuildFile section */
		AD0E6AD72A4BCAD000CB27D9 /* AppDelegate.swift in Sources */ = {isa = PBXBuildFile; fileRef = AD0E6AD62A4BCAD000CB27D9 /* AppDelegate.swift */; };
		AD0E6AD92A4BCAD000CB27D9 /* SceneDelegate.swift in Sources */ = {isa = PBXBuildFile; fileRef = AD0E6AD82A4BCAD000CB27D9 /* SceneDelegate.swift */; };
		AD0E6ADB2A4BCAD000CB27D9 /* ViewController.swift in Sources */ = {isa = PBXBuildFile; fileRef = AD0E6ADA2A4BCAD000CB27D9 /* ViewController.swift */; };
		AD0E6ADE2A4BCAD000CB27D9 /* Main.storyboard in Resources */ = {isa = PBXBuildFile; fileRef = AD0E6ADC2A4BCAD000CB27D9 /* Main.storyboard */; };
		AD0E6AE02A4BCAD100CB27D9 /* Assets.xcassets in Resources */ = {isa = PBXBuildFile; fileRef = AD0E6ADF2A4BCAD100CB27D9 /* Assets.xcassets */; };
		AD0E6AE32A4BCAD100CB27D9 /* LaunchScreen.storyboard in Resources */ = {isa = PBXBuildFile; fileRef = AD0E6AE12A4BCAD100CB27D9 /* LaunchScreen.storyboard */; };
		AD0E6AEB2A4E64F800CB27D9 /* GoToNewScreenViewController.swift in Sources */ = {isa = PBXBuildFile; fileRef = AD0E6AEA2A4E64F800CB27D9 /* GoToNewScreenViewController.swift */; };
		AD0E6AED2A4E7D1200CB27D9 /* SignUpViewController.swift in Sources */ = {isa = PBXBuildFile; fileRef = AD0E6AEC2A4E7D1200CB27D9 /* SignUpViewController.swift */; };
/* End PBXBuildFile section */

/* Begin PBXFileReference section */
		AD0E6AD32A4BCAD000CB27D9 /* FirstViewController.app */ = {isa = PBXFileReference; explicitFileType = wrapper.application; includeInIndex = 0; path = FirstViewController.app; sourceTree = BUILT_PRODUCTS_DIR; };
		AD0E6AD62A4BCAD000CB27D9 /* AppDelegate.swift */ = {isa = PBXFileReference; lastKnownFileType = sourcecode.swift; path = AppDelegate.swift; sourceTree = "<group>"; };
		AD0E6AD82A4BCAD000CB27D9 /* SceneDelegate.swift */ = {isa = PBXFileReference; lastKnownFileType = sourcecode.swift; path = SceneDelegate.swift; sourceTree = "<group>"; };
		AD0E6ADA2A4BCAD000CB27D9 /* ViewController.swift */ = {isa = PBXFileReference; lastKnownFileType = sourcecode.swift; path = ViewController.swift; sourceTree = "<group>"; };
		AD0E6ADD2A4BCAD000CB27D9 /* Base */ = {isa = PBXFileReference; lastKnownFileType = file.storyboard; name = Base; path = Base.lproj/Main.storyboard; sourceTree = "<group>"; };
		AD0E6ADF2A4BCAD100CB27D9 /* Assets.xcassets */ = {isa = PBXFileReference; lastKnownFileType = folder.assetcatalog; path = Assets.xcassets; sourceTree = "<group>"; };
		AD0E6AE22A4BCAD100CB27D9 /* Base */ = {isa = PBXFileReference; lastKnownFileType = file.storyboard; name = Base; path = Base.lproj/LaunchScreen.storyboard; sourceTree = "<group>"; };
		AD0E6AE42A4BCAD100CB27D9 /* Info.plist */ = {isa = PBXFileReference; lastKnownFileType = text.plist.xml; path = Info.plist; sourceTree = "<group>"; };
		AD0E6AEA2A4E64F800CB27D9 /* GoToNewScreenViewController.swift */ = {isa = PBXFileReference; lastKnownFileType = sourcecode.swift; path = GoToNewScreenViewController.swift; sourceTree = "<group>"; };
		AD0E6AEC2A4E7D1200CB27D9 /* SignUpViewController.swift */ = {isa = PBXFileReference; lastKnownFileType = sourcecode.swift; path = SignUpViewController.swift; sourceTree = "<group>"; };
/* End PBXFileReference section */

/* Begin PBXFrameworksBuildPhase section */
		AD0E6AD02A4BCAD000CB27D9 /* Frameworks */ = {
			isa = PBXFrameworksBuildPhase;
			buildActionMask = 2147483647;
			files = (
			);
			runOnlyForDeploymentPostprocessing = 0;
		};
/* End PBXFrameworksBuildPhase section */

/* Begin PBXGroup section */
		AD0E6ACA2A4BCAD000CB27D9 = {
			isa = PBXGroup;
			children = (
				AD0E6AD52A4BCAD000CB27D9 /* FirstViewController */,
				AD0E6AD42A4BCAD000CB27D9 /* Products */,
			);
			sourceTree = "<group>";
		};
		AD0E6AD42A4BCAD000CB27D9 /* Products */ = {
			isa = PBXGroup;
			children = (
				AD0E6AD32A4BCAD000CB27D9 /* FirstViewController.app */,
			);
			name = Products;
			sourceTree = "<group>";
		};
		AD0E6AD52A4BCAD000CB27D9 /* FirstViewController */ = {
			isa = PBXGroup;
			children = (
				AD0E6AD62A4BCAD000CB27D9 /* AppDelegate.swift */,
				AD0E6AD82A4BCAD000CB27D9 /* SceneDelegate.swift */,
				AD0E6ADA2A4BCAD000CB27D9 /* ViewController.swift */,
				AD0E6AEC2A4E7D1200CB27D9 /* SignUpViewController.swift */,
				AD0E6AEA2A4E64F800CB27D9 /* GoToNewScreenViewController.swift */,
				AD0E6ADC2A4BCAD000CB27D9 /* Main.storyboard */,
				AD0E6ADF2A4BCAD100CB27D9 /* Assets.xcassets */,
				AD0E6AE12A4BCAD100CB27D9 /* LaunchScreen.storyboard */,
				AD0E6AE42A4BCAD100CB27D9 /* Info.plist */,
			);
			path = FirstViewController;
			sourceTree = "<group>";
		};
/* End PBXGroup section */

/* Begin PBXNativeTarget section */
		AD0E6AD22A4BCAD000CB27D9 /* FirstViewController */ = {
			isa = PBXNativeTarget;
			buildConfigurationList = AD0E6AE72A4BCAD100CB27D9 /* Build configuration list for PBXNativeTarget "FirstViewController" */;
			buildPhases = (
				AD0E6ACF2A4BCAD000CB27D9 /* Sources */,
				AD0E6AD02A4BCAD000CB27D9 /* Frameworks */,
				AD0E6AD12A4BCAD000CB27D9 /* Resources */,
			);
			buildRules = (
			);
			dependencies = (
			);
			name = FirstViewController;
			productName = FirstViewController;
			productReference = AD0E6AD32A4BCAD000CB27D9 /* FirstViewController.app */;
			productType = "com.apple.product-type.application";
		};
/* End PBXNativeTarget section */

/* Begin PBXProject section */
		AD0E6ACB2A4BCAD000CB27D9 /* Project object */ = {
			isa = PBXProject;
			attributes = {
				BuildIndependentTargetsInParallel = 1;
				LastSwiftUpdateCheck = 1430;
				LastUpgradeCheck = 1430;
				TargetAttributes = {
					AD0E6AD22A4BCAD000CB27D9 = {
						CreatedOnToolsVersion = 14.3.1;
					};
				};
			};
			buildConfigurationList = AD0E6ACE2A4BCAD000CB27D9 /* Build configuration list for PBXProject "FirstViewController" */;
			compatibilityVersion = "Xcode 14.0";
			developmentRegion = en;
			hasScannedForEncodings = 0;
			knownRegions = (
				en,
				Base,
			);
			mainGroup = AD0E6ACA2A4BCAD000CB27D9;
			productRefGroup = AD0E6AD42A4BCAD000CB27D9 /* Products */;
			projectDirPath = "";
			projectRoot = "";
			targets = (
				AD0E6AD22A4BCAD000CB27D9 /* FirstViewController */,
			);
		};
/* End PBXProject section */

/* Begin PBXResourcesBuildPhase section */
		AD0E6AD12A4BCAD000CB27D9 /* Resources */ = {
			isa = PBXResourcesBuildPhase;
			buildActionMask = 2147483647;
			files = (
				AD0E6AE32A4BCAD100CB27D9 /* LaunchScreen.storyboard in Resources */,
				AD0E6AE02A4BCAD100CB27D9 /* Assets.xcassets in Resources */,
				AD0E6ADE2A4BCAD000CB27D9 /* Main.storyboard in Resources */,
			);
			runOnlyForDeploymentPostprocessing = 0;
		};
/* End PBXResourcesBuildPhase section */

/* Begin PBXSourcesBuildPhase section */
		AD0E6ACF2A4BCAD000CB27D9 /* Sources */ = {
			isa = PBXSourcesBuildPhase;
			buildActionMask = 2147483647;
			files = (
				AD0E6ADB2A4BCAD000CB27D9 /* ViewController.swift in Sources */,
				AD0E6AD72A4BCAD000CB27D9 /* AppDelegate.swift in Sources */,
				AD0E6AEB2A4E64F800CB27D9 /* GoToNewScreenViewController.swift in Sources */,
				AD0E6AD92A4BCAD000CB27D9 /* SceneDelegate.swift in Sources */,
				AD0E6AED2A4E7D1200CB27D9 /* SignUpViewController.swift in Sources */,
			);
			runOnlyForDeploymentPostprocessing = 0;
		};
/* End PBXSourcesBuildPhase section */

/* Begin PBXVariantGroup section */
		AD0E6ADC2A4BCAD000CB27D9 /* Main.storyboard */ = {
			isa = PBXVariantGroup;
			children = (
				AD0E6ADD2A4BCAD000CB27D9 /* Base */,
			);
			name = Main.storyboard;
			sourceTree = "<group>";
		};
		AD0E6AE12A4BCAD100CB27D9 /* LaunchScreen.storyboard */ = {
			isa = PBXVariantGroup;
			children = (
				AD0E6AE22A4BCAD100CB27D9 /* Base */,
			);
			name = LaunchScreen.storyboard;
			sourceTree = "<group>";
		};
/* End PBXVariantGroup section */

/* Begin XCBuildConfiguration section */
		AD0E6AE52A4BCAD100CB27D9 /* Debug */ = {
			isa = XCBuildConfiguration;
			buildSettings = {
				ALWAYS_SEARCH_USER_PATHS = NO;
				CLANG_ANALYZER_NONNULL = YES;
				CLANG_ANALYZER_NUMBER_OBJECT_CONVERSION = YES_AGGRESSIVE;
				CLANG_CXX_LANGUAGE_STANDARD = "gnu++20";
				CLANG_ENABLE_MODULES = YES;
				CLANG_ENABLE_OBJC_ARC = YES;
				CLANG_ENABLE_OBJC_WEAK = YES;
				CLANG_WARN_BLOCK_CAPTURE_AUTORELEASING = YES;
				CLANG_WARN_BOOL_CONVERSION = YES;
				CLANG_WARN_COMMA = YES;
				CLANG_WARN_CONSTANT_CONVERSION = YES;
				CLANG_WARN_DEPRECATED_OBJC_IMPLEMENTATIONS = YES;
				CLANG_WARN_DIRECT_OBJC_ISA_USAGE = YES_ERROR;
				CLANG_WARN_DOCUMENTATION_COMMENTS = YES;
				CLANG_WARN_EMPTY_BODY = YES;
				CLANG_WARN_ENUM_CONVERSION = YES;
				CLANG_WARN_INFINITE_RECURSION = YES;
				CLANG_WARN_INT_CONVERSION = YES;
				CLANG_WARN_NON_LITERAL_NULL_CONVERSION = YES;
				CLANG_WARN_OBJC_IMPLICIT_RETAIN_SELF = YES;
				CLANG_WARN_OBJC_LITERAL_CONVERSION = YES;
				CLANG_WARN_OBJC_ROOT_CLASS = YES_ERROR;
				CLANG_WARN_QUOTED_INCLUDE_IN_FRAMEWORK_HEADER = YES;
				CLANG_WARN_RANGE_LOOP_ANALYSIS = YES;
				CLANG_WARN_STRICT_PROTOTYPES = YES;
				CLANG_WARN_SUSPICIOUS_MOVE = YES;
				CLANG_WARN_UNGUARDED_AVAILABILITY = YES_AGGRESSIVE;
				CLANG_WARN_UNREACHABLE_CODE = YES;
				CLANG_WARN__DUPLICATE_METHOD_MATCH = YES;
				COPY_PHASE_STRIP = NO;
				DEBUG_INFORMATION_FORMAT = dwarf;
				ENABLE_STRICT_OBJC_MSGSEND = YES;
				ENABLE_TESTABILITY = YES;
				GCC_C_LANGUAGE_STANDARD = gnu11;
				GCC_DYNAMIC_NO_PIC = NO;
				GCC_NO_COMMON_BLOCKS = YES;
				GCC_OPTIMIZATION_LEVEL = 0;
				GCC_PREPROCESSOR_DEFINITIONS = (
					"DEBUG=1",
					"$(inherited)",
				);
				GCC_WARN_64_TO_32_BIT_CONVERSION = YES;
				GCC_WARN_ABOUT_RETURN_TYPE = YES_ERROR;
				GCC_WARN_UNDECLARED_SELECTOR = YES;
				GCC_WARN_UNINITIALIZED_AUTOS = YES_AGGRESSIVE;
				GCC_WARN_UNUSED_FUNCTION = YES;
				GCC_WARN_UNUSED_VARIABLE = YES;
				IPHONEOS_DEPLOYMENT_TARGET = 16.4;
				MTL_ENABLE_DEBUG_INFO = INCLUDE_SOURCE;
				MTL_FAST_MATH = YES;
				ONLY_ACTIVE_ARCH = YES;
				SDKROOT = iphoneos;
				SWIFT_ACTIVE_COMPILATION_CONDITIONS = DEBUG;
				SWIFT_OPTIMIZATION_LEVEL = "-Onone";
			};
			name = Debug;
		};
		AD0E6AE62A4BCAD100CB27D9 /* Release */ = {
			isa = XCBuildConfiguration;
			buildSettings = {
				ALWAYS_SEARCH_USER_PATHS = NO;
				CLANG_ANALYZER_NONNULL = YES;
				CLANG_ANALYZER_NUMBER_OBJECT_CONVERSION = YES_AGGRESSIVE;
				CLANG_CXX_LANGUAGE_STANDARD = "gnu++20";
				CLANG_ENABLE_MODULES = YES;
				CLANG_ENABLE_OBJC_ARC = YES;
				CLANG_ENABLE_OBJC_WEAK = YES;
				CLANG_WARN_BLOCK_CAPTURE_AUTORELEASING = YES;
				CLANG_WARN_BOOL_CONVERSION = YES;
				CLANG_WARN_COMMA = YES;
				CLANG_WARN_CONSTANT_CONVERSION = YES;
				CLANG_WARN_DEPRECATED_OBJC_IMPLEMENTATIONS = YES;
				CLANG_WARN_DIRECT_OBJC_ISA_USAGE = YES_ERROR;
				CLANG_WARN_DOCUMENTATION_COMMENTS = YES;
				CLANG_WARN_EMPTY_BODY = YES;
				CLANG_WARN_ENUM_CONVERSION = YES;
				CLANG_WARN_INFINITE_RECURSION = YES;
				CLANG_WARN_INT_CONVERSION = YES;
				CLANG_WARN_NON_LITERAL_NULL_CONVERSION = YES;
				CLANG_WARN_OBJC_IMPLICIT_RETAIN_SELF = YES;
				CLANG_WARN_OBJC_LITERAL_CONVERSION = YES;
				CLANG_WARN_OBJC_ROOT_CLASS = YES_ERROR;
				CLANG_WARN_QUOTED_INCLUDE_IN_FRAMEWORK_HEADER = YES;
				CLANG_WARN_RANGE_LOOP_ANALYSIS = YES;
				CLANG_WARN_STRICT_PROTOTYPES = YES;
				CLANG_WARN_SUSPICIOUS_MOVE = YES;
				CLANG_WARN_UNGUARDED_AVAILABILITY = YES_AGGRESSIVE;
				CLANG_WARN_UNREACHABLE_CODE = YES;
				CLANG_WARN__DUPLICATE_METHOD_MATCH = YES;
				COPY_PHASE_STRIP = NO;
				DEBUG_INFORMATION_FORMAT = "dwarf-with-dsym";
				ENABLE_NS_ASSERTIONS = NO;
				ENABLE_STRICT_OBJC_MSGSEND = YES;
				GCC_C_LANGUAGE_STANDARD = gnu11;
				GCC_NO_COMMON_BLOCKS = YES;
				GCC_WARN_64_TO_32_BIT_CONVERSION = YES;
				GCC_WARN_ABOUT_RETURN_TYPE = YES_ERROR;
				GCC_WARN_UNDECLARED_SELECTOR = YES;
				GCC_WARN_UNINITIALIZED_AUTOS = YES_AGGRESSIVE;
				GCC_WARN_UNUSED_FUNCTION = YES;
				GCC_WARN_UNUSED_VARIABLE = YES;
				IPHONEOS_DEPLOYMENT_TARGET = 16.4;
				MTL_ENABLE_DEBUG_INFO = NO;
				MTL_FAST_MATH = YES;
				SDKROOT = iphoneos;
				SWIFT_COMPILATION_MODE = wholemodule;
				SWIFT_OPTIMIZATION_LEVEL = "-O";
				VALIDATE_PRODUCT = YES;
			};
			name = Release;
		};
		AD0E6AE82A4BCAD100CB27D9 /* Debug */ = {
			isa = XCBuildConfiguration;
			buildSettings = {
				ASSETCATALOG_COMPILER_APPICON_NAME = AppIcon;
				ASSETCATALOG_COMPILER_GLOBAL_ACCENT_COLOR_NAME = AccentColor;
				CODE_SIGN_STYLE = Automatic;
				CURRENT_PROJECT_VERSION = 1;
				DEVELOPMENT_TEAM = 6G7CYN8ZBD;
				GENERATE_INFOPLIST_FILE = YES;
				INFOPLIST_FILE = FirstViewController/Info.plist;
				INFOPLIST_KEY_UIApplicationSupportsIndirectInputEvents = YES;
				INFOPLIST_KEY_UILaunchStoryboardName = LaunchScreen;
				INFOPLIST_KEY_UIMainStoryboardFile = Main;
				INFOPLIST_KEY_UISupportedInterfaceOrientations_iPad = "UIInterfaceOrientationPortrait UIInterfaceOrientationPortraitUpsideDown UIInterfaceOrientationLandscapeLeft UIInterfaceOrientationLandscapeRight";
				INFOPLIST_KEY_UISupportedInterfaceOrientations_iPhone = "UIInterfaceOrientationPortrait UIInterfaceOrientationLandscapeLeft UIInterfaceOrientationLandscapeRight";
				LD_RUNPATH_SEARCH_PATHS = (
					"$(inherited)",
					"@executable_path/Frameworks",
				);
				MARKETING_VERSION = 1.0;
				PRODUCT_BUNDLE_IDENTIFIER = giovani.FirstViewController;
				PRODUCT_NAME = "$(TARGET_NAME)";
				SWIFT_EMIT_LOC_STRINGS = YES;
				SWIFT_VERSION = 5.0;
				TARGETED_DEVICE_FAMILY = "1,2";
			};
			name = Debug;
		};
		AD0E6AE92A4BCAD100CB27D9 /* Release */ = {
			isa = XCBuildConfiguration;
			buildSettings = {
				ASSETCATALOG_COMPILER_APPICON_NAME = AppIcon;
				ASSETCATALOG_COMPILER_GLOBAL_ACCENT_COLOR_NAME = AccentColor;
				CODE_SIGN_STYLE = Automatic;
				CURRENT_PROJECT_VERSION = 1;
				DEVELOPMENT_TEAM = 6G7CYN8ZBD;
				GENERATE_INFOPLIST_FILE = YES;
				INFOPLIST_FILE = FirstViewController/Info.plist;
				INFOPLIST_KEY_UIApplicationSupportsIndirectInputEvents = YES;
				INFOPLIST_KEY_UILaunchStoryboardName = LaunchScreen;
				INFOPLIST_KEY_UIMainStoryboardFile = Main;
				INFOPLIST_KEY_UISupportedInterfaceOrientations_iPad = "UIInterfaceOrientationPortrait UIInterfaceOrientationPortraitUpsideDown UIInterfaceOrientationLandscapeLeft UIInterfaceOrientationLandscapeRight";
				INFOPLIST_KEY_UISupportedInterfaceOrientations_iPhone = "UIInterfaceOrientationPortrait UIInterfaceOrientationLandscapeLeft UIInterfaceOrientationLandscapeRight";
				LD_RUNPATH_SEARCH_PATHS = (
					"$(inherited)",
					"@executable_path/Frameworks",
				);
				MARKETING_VERSION = 1.0;
				PRODUCT_BUNDLE_IDENTIFIER = giovani.FirstViewController;
				PRODUCT_NAME = "$(TARGET_NAME)";
				SWIFT_EMIT_LOC_STRINGS = YES;
				SWIFT_VERSION = 5.0;
				TARGETED_DEVICE_FAMILY = "1,2";
			};
			name = Release;
		};
/* End XCBuildConfiguration section */

/* Begin XCConfigurationList section */
		AD0E6ACE2A4BCAD000CB27D9 /* Build configuration list for PBXProject "FirstViewController" */ = {
			isa = XCConfigurationList;
			buildConfigurations = (
				AD0E6AE52A4BCAD100CB27D9 /* Debug */,
				AD0E6AE62A4BCAD100CB27D9 /* Release */,
			);
			defaultConfigurationIsVisible = 0;
			defaultConfigurationName = Release;
		};
		AD0E6AE72A4BCAD100CB27D9 /* Build configuration list for PBXNativeTarget "FirstViewController" */ = {
			isa = XCConfigurationList;
			buildConfigurations = (
				AD0E6AE82A4BCAD100CB27D9 /* Debug */,
				AD0E6AE92A4BCAD100CB27D9 /* Release */,
			);
			defaultConfigurationIsVisible = 0;
			defaultConfigurationName = Release;
		};
/* End XCConfigurationList section */
	};
	rootObject = AD0E6ACB2A4BCAD000CB27D9 /* Project object */;
}
